// !$*UTF8*$!
{
	archiveVersion = 1;
	classes = {
	};
	objectVersion = 46;
	objects = {

/* Begin PBXBuildFile section */
		1412424E1B641AA600FFC670 /* AlecrimCoreDataError.swift in Sources */ = {isa = PBXBuildFile; fileRef = 1412424D1B641AA600FFC670 /* AlecrimCoreDataError.swift */; };
		1447ADD01B52B2F000ADEAED /* AlecrimCoreData.h in Headers */ = {isa = PBXBuildFile; fileRef = 1447ADCF1B52B2F000ADEAED /* AlecrimCoreData.h */; settings = {ATTRIBUTES = (Public, ); }; };
		145D97311B5DA55C00995795 /* Enumerable.swift in Sources */ = {isa = PBXBuildFile; fileRef = 145D97261B5DA55C00995795 /* Enumerable.swift */; };
		14CB031B1B778FAE00EB87B8 /* Queryable.swift in Sources */ = {isa = PBXBuildFile; fileRef = 145D97271B5DA55C00995795 /* Queryable.swift */; };
		14CB031C1B778FBA00EB87B8 /* AttributeProtocol.swift in Sources */ = {isa = PBXBuildFile; fileRef = 145D97251B5DA55C00995795 /* AttributeProtocol.swift */; };
		14CB031D1B778FC400EB87B8 /* DataContextOptions.swift in Sources */ = {isa = PBXBuildFile; fileRef = 143D67231B60D5F1001B6ED3 /* DataContextOptions.swift */; };
		14CB031F1B7790E900EB87B8 /* GenericQueryable.swift in Sources */ = {isa = PBXBuildFile; fileRef = 1410FEF71B64033300F45A58 /* GenericQueryable.swift */; };
		14CB03201B77915800EB87B8 /* CoreDataQueryable.swift in Sources */ = {isa = PBXBuildFile; fileRef = 14FBAD6B1B76B23000EB662A /* CoreDataQueryable.swift */; };
		14CB03211B77916700EB87B8 /* TableProtocol.swift in Sources */ = {isa = PBXBuildFile; fileRef = 145D97281B5DA55C00995795 /* TableProtocol.swift */; };
		14CB03221B7791DB00EB87B8 /* AttributeQueryProtocol.swift in Sources */ = {isa = PBXBuildFile; fileRef = 148C17411B76B5980011BD00 /* AttributeQueryProtocol.swift */; };
		14CB03231B77959400EB87B8 /* Attribute.swift in Sources */ = {isa = PBXBuildFile; fileRef = 145D972A1B5DA55C00995795 /* Attribute.swift */; };
		14CB03251B7795AE00EB87B8 /* NSManagedObjectContextExtensions.swift in Sources */ = {isa = PBXBuildFile; fileRef = 14A5016F1B671A400057DD8B /* NSManagedObjectContextExtensions.swift */; };
		14CB03261B7795B400EB87B8 /* NSManagedObjectExtensions.swift in Sources */ = {isa = PBXBuildFile; fileRef = 145D97221B5DA55C00995795 /* NSManagedObjectExtensions.swift */; };
		14CB03271B7795B900EB87B8 /* NSPredicateExtensions.swift in Sources */ = {isa = PBXBuildFile; fileRef = 145D97231B5DA55C00995795 /* NSPredicateExtensions.swift */; };
		14CB032B1B7795E700EB87B8 /* Table.swift in Sources */ = {isa = PBXBuildFile; fileRef = 145D972B1B5DA55C00995795 /* Table.swift */; };
		14CB032C1B7795ED00EB87B8 /* AttributeQuery.swift in Sources */ = {isa = PBXBuildFile; fileRef = 14FBAD691B76AF2100EB662A /* AttributeQuery.swift */; };
		14CB032F1B7795F600EB87B8 /* DataContext.swift in Sources */ = {isa = PBXBuildFile; fileRef = 145D971F1B5DA55C00995795 /* DataContext.swift */; };
		14CB03301B7795F600EB87B8 /* ALCFetchedResultsController.swift in Sources */ = {isa = PBXBuildFile; fileRef = 1468BE271B6581F700547C54 /* ALCFetchedResultsController.swift */; };
		14CB03311B7795F600EB87B8 /* FetchRequestController.swift in Sources */ = {isa = PBXBuildFile; fileRef = 141242541B6461F700FFC670 /* FetchRequestController.swift */; };
		14CB03321B7795F600EB87B8 /* FetchRequestControllerDelegate.swift in Sources */ = {isa = PBXBuildFile; fileRef = 14D565AC1B64B07E00B1EFF1 /* FetchRequestControllerDelegate.swift */; };
		14CB03331B77960300EB87B8 /* NSArrayControllerExtensions.swift in Sources */ = {isa = PBXBuildFile; fileRef = 14A501771B6737560057DD8B /* NSArrayControllerExtensions.swift */; };
		14CB03341B77960300EB87B8 /* NSCollectionViewExtensions.swift in Sources */ = {isa = PBXBuildFile; fileRef = 14A501751B6736700057DD8B /* NSCollectionViewExtensions.swift */; };
		14CB03361B77960800EB87B8 /* NSFetchedResultsControllerExtensions.swift in Sources */ = {isa = PBXBuildFile; fileRef = 14A5017B1B6739F40057DD8B /* NSFetchedResultsControllerExtensions.swift */; };
		14CB03371B77960800EB87B8 /* UITableViewExtensions.swift in Sources */ = {isa = PBXBuildFile; fileRef = 14A501711B6732820057DD8B /* UITableViewExtensions.swift */; };
		14CB03381B77960800EB87B8 /* UICollectionViewExtensions.swift in Sources */ = {isa = PBXBuildFile; fileRef = 14A501731B6733890057DD8B /* UICollectionViewExtensions.swift */; };
/* End PBXBuildFile section */

/* Begin PBXFileReference section */
		1410FEF71B64033300F45A58 /* GenericQueryable.swift */ = {isa = PBXFileReference; fileEncoding = 4; lastKnownFileType = sourcecode.swift; path = GenericQueryable.swift; sourceTree = "<group>"; };
		1412424D1B641AA600FFC670 /* AlecrimCoreDataError.swift */ = {isa = PBXFileReference; fileEncoding = 4; lastKnownFileType = sourcecode.swift; path = AlecrimCoreDataError.swift; sourceTree = "<group>"; };
		141242541B6461F700FFC670 /* FetchRequestController.swift */ = {isa = PBXFileReference; fileEncoding = 4; lastKnownFileType = sourcecode.swift; path = FetchRequestController.swift; sourceTree = "<group>"; };
		143D67231B60D5F1001B6ED3 /* DataContextOptions.swift */ = {isa = PBXFileReference; fileEncoding = 4; lastKnownFileType = sourcecode.swift; path = DataContextOptions.swift; sourceTree = "<group>"; };
		1447ADCC1B52B2F000ADEAED /* AlecrimCoreData.framework */ = {isa = PBXFileReference; explicitFileType = wrapper.framework; includeInIndex = 0; path = AlecrimCoreData.framework; sourceTree = BUILT_PRODUCTS_DIR; };
		1447ADCF1B52B2F000ADEAED /* AlecrimCoreData.h */ = {isa = PBXFileReference; lastKnownFileType = sourcecode.c.h; path = AlecrimCoreData.h; sourceTree = "<group>"; };
		1447ADD11B52B2F000ADEAED /* Info.plist */ = {isa = PBXFileReference; lastKnownFileType = text.plist.xml; path = Info.plist; sourceTree = "<group>"; };
		145D971F1B5DA55C00995795 /* DataContext.swift */ = {isa = PBXFileReference; fileEncoding = 4; lastKnownFileType = sourcecode.swift; path = DataContext.swift; sourceTree = "<group>"; };
		145D97221B5DA55C00995795 /* NSManagedObjectExtensions.swift */ = {isa = PBXFileReference; fileEncoding = 4; lastKnownFileType = sourcecode.swift; path = NSManagedObjectExtensions.swift; sourceTree = "<group>"; };
		145D97231B5DA55C00995795 /* NSPredicateExtensions.swift */ = {isa = PBXFileReference; fileEncoding = 4; lastKnownFileType = sourcecode.swift; path = NSPredicateExtensions.swift; sourceTree = "<group>"; };
		145D97251B5DA55C00995795 /* AttributeProtocol.swift */ = {isa = PBXFileReference; fileEncoding = 4; lastKnownFileType = sourcecode.swift; path = AttributeProtocol.swift; sourceTree = "<group>"; };
		145D97261B5DA55C00995795 /* Enumerable.swift */ = {isa = PBXFileReference; fileEncoding = 4; lastKnownFileType = sourcecode.swift; path = Enumerable.swift; sourceTree = "<group>"; };
		145D97271B5DA55C00995795 /* Queryable.swift */ = {isa = PBXFileReference; fileEncoding = 4; lastKnownFileType = sourcecode.swift; path = Queryable.swift; sourceTree = "<group>"; };
		145D97281B5DA55C00995795 /* TableProtocol.swift */ = {isa = PBXFileReference; fileEncoding = 4; lastKnownFileType = sourcecode.swift; path = TableProtocol.swift; sourceTree = "<group>"; };
		145D972A1B5DA55C00995795 /* Attribute.swift */ = {isa = PBXFileReference; fileEncoding = 4; lastKnownFileType = sourcecode.swift; path = Attribute.swift; sourceTree = "<group>"; };
		145D972B1B5DA55C00995795 /* Table.swift */ = {isa = PBXFileReference; fileEncoding = 4; lastKnownFileType = sourcecode.swift; path = Table.swift; sourceTree = "<group>"; };
		1468BE271B6581F700547C54 /* ALCFetchedResultsController.swift */ = {isa = PBXFileReference; fileEncoding = 4; lastKnownFileType = sourcecode.swift; path = ALCFetchedResultsController.swift; sourceTree = "<group>"; };
		148C17411B76B5980011BD00 /* AttributeQueryProtocol.swift */ = {isa = PBXFileReference; fileEncoding = 4; lastKnownFileType = sourcecode.swift; path = AttributeQueryProtocol.swift; sourceTree = "<group>"; };
		14A5016F1B671A400057DD8B /* NSManagedObjectContextExtensions.swift */ = {isa = PBXFileReference; fileEncoding = 4; lastKnownFileType = sourcecode.swift; path = NSManagedObjectContextExtensions.swift; sourceTree = "<group>"; };
		14A501711B6732820057DD8B /* UITableViewExtensions.swift */ = {isa = PBXFileReference; fileEncoding = 4; lastKnownFileType = sourcecode.swift; path = UITableViewExtensions.swift; sourceTree = "<group>"; };
		14A501731B6733890057DD8B /* UICollectionViewExtensions.swift */ = {isa = PBXFileReference; fileEncoding = 4; lastKnownFileType = sourcecode.swift; path = UICollectionViewExtensions.swift; sourceTree = "<group>"; };
		14A501751B6736700057DD8B /* NSCollectionViewExtensions.swift */ = {isa = PBXFileReference; fileEncoding = 4; lastKnownFileType = sourcecode.swift; path = NSCollectionViewExtensions.swift; sourceTree = "<group>"; };
		14A501771B6737560057DD8B /* NSArrayControllerExtensions.swift */ = {isa = PBXFileReference; fileEncoding = 4; lastKnownFileType = sourcecode.swift; path = NSArrayControllerExtensions.swift; sourceTree = "<group>"; };
		14A5017B1B6739F40057DD8B /* NSFetchedResultsControllerExtensions.swift */ = {isa = PBXFileReference; fileEncoding = 4; lastKnownFileType = sourcecode.swift; path = NSFetchedResultsControllerExtensions.swift; sourceTree = "<group>"; };
		14D565AC1B64B07E00B1EFF1 /* FetchRequestControllerDelegate.swift */ = {isa = PBXFileReference; fileEncoding = 4; lastKnownFileType = sourcecode.swift; path = FetchRequestControllerDelegate.swift; sourceTree = "<group>"; };
		14FBAD691B76AF2100EB662A /* AttributeQuery.swift */ = {isa = PBXFileReference; fileEncoding = 4; lastKnownFileType = sourcecode.swift; path = AttributeQuery.swift; sourceTree = "<group>"; };
		14FBAD6B1B76B23000EB662A /* CoreDataQueryable.swift */ = {isa = PBXFileReference; fileEncoding = 4; lastKnownFileType = sourcecode.swift; path = CoreDataQueryable.swift; sourceTree = "<group>"; };
/* End PBXFileReference section */

/* Begin PBXFrameworksBuildPhase section */
		1447ADC81B52B2F000ADEAED /* Frameworks */ = {
			isa = PBXFrameworksBuildPhase;
			buildActionMask = 2147483647;
			files = (
			);
			runOnlyForDeploymentPostprocessing = 0;
		};
/* End PBXFrameworksBuildPhase section */

/* Begin PBXGroup section */
		1412424C1B641A8B00FFC670 /* Enums */ = {
			isa = PBXGroup;
			children = (
				1412424D1B641AA600FFC670 /* AlecrimCoreDataError.swift */,
			);
			path = Enums;
			sourceTree = "<group>";
		};
		1447ADC21B52B2F000ADEAED = {
			isa = PBXGroup;
			children = (
				1447ADCE1B52B2F000ADEAED /* AlecrimCoreData */,
				1447ADCD1B52B2F000ADEAED /* Products */,
			);
			sourceTree = "<group>";
		};
		1447ADCD1B52B2F000ADEAED /* Products */ = {
			isa = PBXGroup;
			children = (
				1447ADCC1B52B2F000ADEAED /* AlecrimCoreData.framework */,
			);
			name = Products;
			sourceTree = "<group>";
		};
		1447ADCE1B52B2F000ADEAED /* AlecrimCoreData */ = {
			isa = PBXGroup;
			children = (
				1447ADCF1B52B2F000ADEAED /* AlecrimCoreData.h */,
				145D971D1B5DA55C00995795 /* Core */,
				14F3C1D01B5972AA008484AB /* Supporting Files */,
			);
			path = AlecrimCoreData;
			sourceTree = "<group>";
		};
		145D971D1B5DA55C00995795 /* Core */ = {
			isa = PBXGroup;
			children = (
				1412424C1B641A8B00FFC670 /* Enums */,
				145D97241B5DA55C00995795 /* Protocols */,
				145D97291B5DA55C00995795 /* Structs */,
				145D971E1B5DA55C00995795 /* Classes */,
				145D97211B5DA55C00995795 /* Extensions */,
			);
			path = Core;
			sourceTree = "<group>";
		};
		145D971E1B5DA55C00995795 /* Classes */ = {
			isa = PBXGroup;
			children = (
				145D971F1B5DA55C00995795 /* DataContext.swift */,
				1468BE271B6581F700547C54 /* ALCFetchedResultsController.swift */,
				141242541B6461F700FFC670 /* FetchRequestController.swift */,
				14D565AC1B64B07E00B1EFF1 /* FetchRequestControllerDelegate.swift */,
			);
			path = Classes;
			sourceTree = "<group>";
		};
		145D97211B5DA55C00995795 /* Extensions */ = {
			isa = PBXGroup;
			children = (
				14A5016F1B671A400057DD8B /* NSManagedObjectContextExtensions.swift */,
				145D97221B5DA55C00995795 /* NSManagedObjectExtensions.swift */,
				145D97231B5DA55C00995795 /* NSPredicateExtensions.swift */,
				14A5017A1B6737710057DD8B /* OS X */,
				14A501791B6737600057DD8B /* iOS */,
			);
			path = Extensions;
			sourceTree = "<group>";
		};
		145D97241B5DA55C00995795 /* Protocols */ = {
			isa = PBXGroup;
			children = (
				145D97261B5DA55C00995795 /* Enumerable.swift */,
				145D97271B5DA55C00995795 /* Queryable.swift */,
				1410FEF71B64033300F45A58 /* GenericQueryable.swift */,
				14FBAD6B1B76B23000EB662A /* CoreDataQueryable.swift */,
				145D97281B5DA55C00995795 /* TableProtocol.swift */,
				148C17411B76B5980011BD00 /* AttributeQueryProtocol.swift */,
				145D97251B5DA55C00995795 /* AttributeProtocol.swift */,
			);
			path = Protocols;
			sourceTree = "<group>";
		};
		145D97291B5DA55C00995795 /* Structs */ = {
			isa = PBXGroup;
			children = (
				145D972A1B5DA55C00995795 /* Attribute.swift */,
				145D972B1B5DA55C00995795 /* Table.swift */,
				14FBAD691B76AF2100EB662A /* AttributeQuery.swift */,
				143D67231B60D5F1001B6ED3 /* DataContextOptions.swift */,
			);
			path = Structs;
			sourceTree = "<group>";
		};
		14A501791B6737600057DD8B /* iOS */ = {
			isa = PBXGroup;
			children = (
				14A5017B1B6739F40057DD8B /* NSFetchedResultsControllerExtensions.swift */,
				14A501711B6732820057DD8B /* UITableViewExtensions.swift */,
				14A501731B6733890057DD8B /* UICollectionViewExtensions.swift */,
			);
			name = iOS;
			sourceTree = "<group>";
		};
		14A5017A1B6737710057DD8B /* OS X */ = {
			isa = PBXGroup;
			children = (
				14A501771B6737560057DD8B /* NSArrayControllerExtensions.swift */,
				14A501751B6736700057DD8B /* NSCollectionViewExtensions.swift */,
			);
			name = "OS X";
			sourceTree = "<group>";
		};
		14F3C1D01B5972AA008484AB /* Supporting Files */ = {
			isa = PBXGroup;
			children = (
				1447ADD11B52B2F000ADEAED /* Info.plist */,
			);
			name = "Supporting Files";
			sourceTree = "<group>";
		};
/* End PBXGroup section */

/* Begin PBXHeadersBuildPhase section */
		1447ADC91B52B2F000ADEAED /* Headers */ = {
			isa = PBXHeadersBuildPhase;
			buildActionMask = 2147483647;
			files = (
				1447ADD01B52B2F000ADEAED /* AlecrimCoreData.h in Headers */,
			);
			runOnlyForDeploymentPostprocessing = 0;
		};
/* End PBXHeadersBuildPhase section */

/* Begin PBXNativeTarget section */
		1447ADCB1B52B2F000ADEAED /* AlecrimCoreData */ = {
			isa = PBXNativeTarget;
			buildConfigurationList = 1447ADD41B52B2F000ADEAED /* Build configuration list for PBXNativeTarget "AlecrimCoreData" */;
			buildPhases = (
				1447ADC71B52B2F000ADEAED /* Sources */,
				1447ADC81B52B2F000ADEAED /* Frameworks */,
				1447ADC91B52B2F000ADEAED /* Headers */,
				1447ADCA1B52B2F000ADEAED /* Resources */,
			);
			buildRules = (
			);
			dependencies = (
			);
			name = AlecrimCoreData;
			productName = AlecrimCoreData;
			productReference = 1447ADCC1B52B2F000ADEAED /* AlecrimCoreData.framework */;
			productType = "com.apple.product-type.framework";
		};
/* End PBXNativeTarget section */

/* Begin PBXProject section */
		1447ADC31B52B2F000ADEAED /* Project object */ = {
			isa = PBXProject;
			attributes = {
				LastSwiftUpdateCheck = 0700;
				LastUpgradeCheck = 0700;
				ORGANIZATIONNAME = Alecrim;
				TargetAttributes = {
					1447ADCB1B52B2F000ADEAED = {
						CreatedOnToolsVersion = 7.0;
					};
				};
			};
			buildConfigurationList = 1447ADC61B52B2F000ADEAED /* Build configuration list for PBXProject "AlecrimCoreData" */;
			compatibilityVersion = "Xcode 3.2";
			developmentRegion = English;
			hasScannedForEncodings = 0;
			knownRegions = (
				en,
			);
			mainGroup = 1447ADC21B52B2F000ADEAED;
			productRefGroup = 1447ADCD1B52B2F000ADEAED /* Products */;
			projectDirPath = "";
			projectRoot = "";
			targets = (
				1447ADCB1B52B2F000ADEAED /* AlecrimCoreData */,
			);
		};
/* End PBXProject section */

/* Begin PBXResourcesBuildPhase section */
		1447ADCA1B52B2F000ADEAED /* Resources */ = {
			isa = PBXResourcesBuildPhase;
			buildActionMask = 2147483647;
			files = (
			);
			runOnlyForDeploymentPostprocessing = 0;
		};
/* End PBXResourcesBuildPhase section */

/* Begin PBXSourcesBuildPhase section */
		1447ADC71B52B2F000ADEAED /* Sources */ = {
			isa = PBXSourcesBuildPhase;
			buildActionMask = 2147483647;
			files = (
				14CB03231B77959400EB87B8 /* Attribute.swift in Sources */,
				14CB032F1B7795F600EB87B8 /* DataContext.swift in Sources */,
				14CB031D1B778FC400EB87B8 /* DataContextOptions.swift in Sources */,
				14CB031C1B778FBA00EB87B8 /* AttributeProtocol.swift in Sources */,
				14CB03321B7795F600EB87B8 /* FetchRequestControllerDelegate.swift in Sources */,
				14CB03261B7795B400EB87B8 /* NSManagedObjectExtensions.swift in Sources */,
				14CB03311B7795F600EB87B8 /* FetchRequestController.swift in Sources */,
				14CB03371B77960800EB87B8 /* UITableViewExtensions.swift in Sources */,
				14CB03251B7795AE00EB87B8 /* NSManagedObjectContextExtensions.swift in Sources */,
				14CB03201B77915800EB87B8 /* CoreDataQueryable.swift in Sources */,
				14CB03221B7791DB00EB87B8 /* AttributeQueryProtocol.swift in Sources */,
				14CB031F1B7790E900EB87B8 /* GenericQueryable.swift in Sources */,
				14CB03211B77916700EB87B8 /* TableProtocol.swift in Sources */,
				14CB032B1B7795E700EB87B8 /* Table.swift in Sources */,
				14CB03301B7795F600EB87B8 /* ALCFetchedResultsController.swift in Sources */,
				14CB03341B77960300EB87B8 /* NSCollectionViewExtensions.swift in Sources */,
				14CB03381B77960800EB87B8 /* UICollectionViewExtensions.swift in Sources */,
				14CB03331B77960300EB87B8 /* NSArrayControllerExtensions.swift in Sources */,
				145D97311B5DA55C00995795 /* Enumerable.swift in Sources */,
				1412424E1B641AA600FFC670 /* AlecrimCoreDataError.swift in Sources */,
				14CB032C1B7795ED00EB87B8 /* AttributeQuery.swift in Sources */,
				14CB03361B77960800EB87B8 /* NSFetchedResultsControllerExtensions.swift in Sources */,
				14CB03271B7795B900EB87B8 /* NSPredicateExtensions.swift in Sources */,
				14CB031B1B778FAE00EB87B8 /* Queryable.swift in Sources */,
			);
			runOnlyForDeploymentPostprocessing = 0;
		};
/* End PBXSourcesBuildPhase section */

/* Begin XCBuildConfiguration section */
		1447ADD21B52B2F000ADEAED /* Debug */ = {
			isa = XCBuildConfiguration;
			buildSettings = {
				ALWAYS_SEARCH_USER_PATHS = NO;
				CLANG_CXX_LANGUAGE_STANDARD = "gnu++0x";
				CLANG_CXX_LIBRARY = "libc++";
				CLANG_ENABLE_MODULES = YES;
				CLANG_ENABLE_OBJC_ARC = YES;
				CLANG_WARN_BOOL_CONVERSION = YES;
				CLANG_WARN_CONSTANT_CONVERSION = YES;
				CLANG_WARN_DIRECT_OBJC_ISA_USAGE = YES_ERROR;
				CLANG_WARN_EMPTY_BODY = YES;
				CLANG_WARN_ENUM_CONVERSION = YES;
				CLANG_WARN_INT_CONVERSION = YES;
				CLANG_WARN_OBJC_ROOT_CLASS = YES_ERROR;
				CLANG_WARN_UNREACHABLE_CODE = YES;
				CLANG_WARN__DUPLICATE_METHOD_MATCH = YES;
				"CODE_SIGN_IDENTITY[sdk=iphoneos*]" = "iPhone Developer";
				COPY_PHASE_STRIP = NO;
				CURRENT_PROJECT_VERSION = 1;
				DEBUG_INFORMATION_FORMAT = dwarf;
				ENABLE_STRICT_OBJC_MSGSEND = YES;
				ENABLE_TESTABILITY = YES;
				GCC_C_LANGUAGE_STANDARD = gnu99;
				GCC_DYNAMIC_NO_PIC = NO;
				GCC_NO_COMMON_BLOCKS = YES;
				GCC_OPTIMIZATION_LEVEL = 0;
				GCC_PREPROCESSOR_DEFINITIONS = (
					"DEBUG=1",
					"$(inherited)",
				);
				GCC_WARN_64_TO_32_BIT_CONVERSION = YES;
				GCC_WARN_ABOUT_RETURN_TYPE = YES_ERROR;
				GCC_WARN_UNDECLARED_SELECTOR = YES;
				GCC_WARN_UNINITIALIZED_AUTOS = YES_AGGRESSIVE;
				GCC_WARN_UNUSED_FUNCTION = YES;
				GCC_WARN_UNUSED_VARIABLE = YES;
				IPHONEOS_DEPLOYMENT_TARGET = 8.0;
				MACOSX_DEPLOYMENT_TARGET = 10.10;
				MTL_ENABLE_DEBUG_INFO = YES;
				ONLY_ACTIVE_ARCH = YES;
				SDKROOT = macosx;
				SUPPORTED_PLATFORMS = "macosx iphoneos iphonesimulator watchos watchsimulator appletvos appletvsimulator";
				SWIFT_INSTALL_OBJC_HEADER = NO;
				SWIFT_OPTIMIZATION_LEVEL = "-Onone";
				TVOS_DEPLOYMENT_TARGET = 9.0;
				VALID_ARCHS = "x86_64 arm64 armv7 armv7s armv7k";
				VERSIONING_SYSTEM = "apple-generic";
				VERSION_INFO_PREFIX = "";
				WATCHOS_DEPLOYMENT_TARGET = 2.0;
			};
			name = Debug;
		};
		1447ADD31B52B2F000ADEAED /* Release */ = {
			isa = XCBuildConfiguration;
			buildSettings = {
				ALWAYS_SEARCH_USER_PATHS = NO;
				CLANG_CXX_LANGUAGE_STANDARD = "gnu++0x";
				CLANG_CXX_LIBRARY = "libc++";
				CLANG_ENABLE_MODULES = YES;
				CLANG_ENABLE_OBJC_ARC = YES;
				CLANG_WARN_BOOL_CONVERSION = YES;
				CLANG_WARN_CONSTANT_CONVERSION = YES;
				CLANG_WARN_DIRECT_OBJC_ISA_USAGE = YES_ERROR;
				CLANG_WARN_EMPTY_BODY = YES;
				CLANG_WARN_ENUM_CONVERSION = YES;
				CLANG_WARN_INT_CONVERSION = YES;
				CLANG_WARN_OBJC_ROOT_CLASS = YES_ERROR;
				CLANG_WARN_UNREACHABLE_CODE = YES;
				CLANG_WARN__DUPLICATE_METHOD_MATCH = YES;
				"CODE_SIGN_IDENTITY[sdk=iphoneos*]" = "iPhone Developer";
				COPY_PHASE_STRIP = NO;
				CURRENT_PROJECT_VERSION = 1;
				DEBUG_INFORMATION_FORMAT = "dwarf-with-dsym";
				ENABLE_NS_ASSERTIONS = NO;
				ENABLE_STRICT_OBJC_MSGSEND = YES;
				GCC_C_LANGUAGE_STANDARD = gnu99;
				GCC_NO_COMMON_BLOCKS = YES;
				GCC_WARN_64_TO_32_BIT_CONVERSION = YES;
				GCC_WARN_ABOUT_RETURN_TYPE = YES_ERROR;
				GCC_WARN_UNDECLARED_SELECTOR = YES;
				GCC_WARN_UNINITIALIZED_AUTOS = YES_AGGRESSIVE;
				GCC_WARN_UNUSED_FUNCTION = YES;
				GCC_WARN_UNUSED_VARIABLE = YES;
				IPHONEOS_DEPLOYMENT_TARGET = 8.0;
				MACOSX_DEPLOYMENT_TARGET = 10.10;
				MTL_ENABLE_DEBUG_INFO = NO;
				SDKROOT = macosx;
				SUPPORTED_PLATFORMS = "macosx iphoneos iphonesimulator watchos watchsimulator appletvos appletvsimulator";
				SWIFT_INSTALL_OBJC_HEADER = NO;
				TVOS_DEPLOYMENT_TARGET = 9.0;
				VALID_ARCHS = "x86_64 arm64 armv7 armv7s armv7k";
				VERSIONING_SYSTEM = "apple-generic";
				VERSION_INFO_PREFIX = "";
				WATCHOS_DEPLOYMENT_TARGET = 2.0;
			};
			name = Release;
		};
		1447ADD51B52B2F000ADEAED /* Debug */ = {
			isa = XCBuildConfiguration;
			buildSettings = {
				APPLICATION_EXTENSION_API_ONLY = YES;
				CLANG_ENABLE_MODULES = YES;
				COMBINE_HIDPI_IMAGES = YES;
				CURRENT_PROJECT_VERSION = 422;
				DEFINES_MODULE = YES;
				DYLIB_COMPATIBILITY_VERSION = 1;
				DYLIB_CURRENT_VERSION = 1;
				DYLIB_INSTALL_NAME_BASE = "@rpath";
				FRAMEWORK_VERSION = A;
				INFOPLIST_FILE = AlecrimCoreData/Info.plist;
				INSTALL_PATH = "$(LOCAL_LIBRARY_DIR)/Frameworks";
				LD_RUNPATH_SEARCH_PATHS = "$(inherited) @executable_path/../Frameworks @loader_path/Frameworks";
				MACOSX_DEPLOYMENT_TARGET = 10.9;
				PRODUCT_BUNDLE_IDENTIFIER = com.alecrim.AlecrimCoreData;
				PRODUCT_NAME = "$(TARGET_NAME)";
				SKIP_INSTALL = YES;
				SWIFT_OPTIMIZATION_LEVEL = "-Onone";
			};
			name = Debug;
		};
		1447ADD61B52B2F000ADEAED /* Release */ = {
			isa = XCBuildConfiguration;
			buildSettings = {
				APPLICATION_EXTENSION_API_ONLY = YES;
				CLANG_ENABLE_MODULES = YES;
				COMBINE_HIDPI_IMAGES = YES;
				CURRENT_PROJECT_VERSION = 422;
				DEFINES_MODULE = YES;
				DYLIB_COMPATIBILITY_VERSION = 1;
				DYLIB_CURRENT_VERSION = 1;
				DYLIB_INSTALL_NAME_BASE = "@rpath";
				FRAMEWORK_VERSION = A;
				INFOPLIST_FILE = AlecrimCoreData/Info.plist;
				INSTALL_PATH = "$(LOCAL_LIBRARY_DIR)/Frameworks";
				LD_RUNPATH_SEARCH_PATHS = "$(inherited) @executable_path/../Frameworks @loader_path/Frameworks";
				MACOSX_DEPLOYMENT_TARGET = 10.9;
				PRODUCT_BUNDLE_IDENTIFIER = com.alecrim.AlecrimCoreData;
				PRODUCT_NAME = "$(TARGET_NAME)";
				SKIP_INSTALL = YES;
			};
			name = Release;
		};
/* End XCBuildConfiguration section */

/* Begin XCConfigurationList section */
		1447ADC61B52B2F000ADEAED /* Build configuration list for PBXProject "AlecrimCoreData" */ = {
			isa = XCConfigurationList;
			buildConfigurations = (
				1447ADD21B52B2F000ADEAED /* Debug */,
				1447ADD31B52B2F000ADEAED /* Release */,
			);
			defaultConfigurationIsVisible = 0;
			defaultConfigurationName = Release;
		};
		1447ADD41B52B2F000ADEAED /* Build configuration list for PBXNativeTarget "AlecrimCoreData" */ = {
			isa = XCConfigurationList;
			buildConfigurations = (
				1447ADD51B52B2F000ADEAED /* Debug */,
				1447ADD61B52B2F000ADEAED /* Release */,
			);
			defaultConfigurationIsVisible = 0;
			defaultConfigurationName = Release;
		};
/* End XCConfigurationList section */
	};
	rootObject = 1447ADC31B52B2F000ADEAED /* Project object */;
}
