// !$*UTF8*$!
{
	archiveVersion = 1;
	classes = {
	};
	objectVersion = 46;
	objects = {

/* Begin PBXBuildFile section */
		144827001A2BE7B000DA53F5 /* AppDelegate.swift in Sources */ = {isa = PBXBuildFile; fileRef = 144826FF1A2BE7B000DA53F5 /* AppDelegate.swift */; };
		144827031A2BE7B000DA53F5 /* AlecrimCoreDataExample.xcdatamodeld in Sources */ = {isa = PBXBuildFile; fileRef = 144827011A2BE7B000DA53F5 /* AlecrimCoreDataExample.xcdatamodeld */; };
		144827051A2BE7B000DA53F5 /* MasterViewController.swift in Sources */ = {isa = PBXBuildFile; fileRef = 144827041A2BE7B000DA53F5 /* MasterViewController.swift */; };
		144827071A2BE7B000DA53F5 /* DetailViewController.swift in Sources */ = {isa = PBXBuildFile; fileRef = 144827061A2BE7B000DA53F5 /* DetailViewController.swift */; };
		1448270A1A2BE7B000DA53F5 /* Main.storyboard in Resources */ = {isa = PBXBuildFile; fileRef = 144827081A2BE7B000DA53F5 /* Main.storyboard */; };
		1448270C1A2BE7B000DA53F5 /* Images.xcassets in Resources */ = {isa = PBXBuildFile; fileRef = 1448270B1A2BE7B000DA53F5 /* Images.xcassets */; };
		1448270F1A2BE7B000DA53F5 /* LaunchScreen.xib in Resources */ = {isa = PBXBuildFile; fileRef = 1448270D1A2BE7B000DA53F5 /* LaunchScreen.xib */; };
		1448272F1A2BE98A00DA53F5 /* EventEntity.swift in Sources */ = {isa = PBXBuildFile; fileRef = 1448272E1A2BE98A00DA53F5 /* EventEntity.swift */; };
		144827311A2BE9A400DA53F5 /* DataContext.swift in Sources */ = {isa = PBXBuildFile; fileRef = 144827301A2BE9A400DA53F5 /* DataContext.swift */; };
		148441831AD0661900057577 /* AlecrimCoreData.framework in Frameworks */ = {isa = PBXBuildFile; fileRef = 1484417F1AD0659800057577 /* AlecrimCoreData.framework */; };
		148441851AD0663C00057577 /* AlecrimCoreData.framework in Embed Frameworks */ = {isa = PBXBuildFile; fileRef = 1484417F1AD0659800057577 /* AlecrimCoreData.framework */; settings = {ATTRIBUTES = (CodeSignOnCopy, RemoveHeadersOnCopy, ); }; };
/* End PBXBuildFile section */

/* Begin PBXContainerItemProxy section */
		1484417E1AD0659800057577 /* PBXContainerItemProxy */ = {
			isa = PBXContainerItemProxy;
			containerPortal = 148441791AD0659700057577 /* AlecrimCoreData.xcodeproj */;
			proxyType = 2;
			remoteGlobalIDString = 14FB83461A2BC1AC00FCBD7C;
			remoteInfo = "AlecrimCoreData iOS";
		};
		148441801AD0659800057577 /* PBXContainerItemProxy */ = {
			isa = PBXContainerItemProxy;
			containerPortal = 148441791AD0659700057577 /* AlecrimCoreData.xcodeproj */;
			proxyType = 2;
			remoteGlobalIDString = 1484415F1AD063B100057577;
			remoteInfo = "AlecrimCoreData OS X";
		};
		148441861AD0663C00057577 /* PBXContainerItemProxy */ = {
			isa = PBXContainerItemProxy;
			containerPortal = 148441791AD0659700057577 /* AlecrimCoreData.xcodeproj */;
			proxyType = 1;
			remoteGlobalIDString = 14FB83451A2BC1AC00FCBD7C;
			remoteInfo = "AlecrimCoreData iOS";
		};
/* End PBXContainerItemProxy section */

/* Begin PBXCopyFilesBuildPhase section */
		148441881AD0663C00057577 /* Embed Frameworks */ = {
			isa = PBXCopyFilesBuildPhase;
			buildActionMask = 2147483647;
			dstPath = "";
			dstSubfolderSpec = 10;
			files = (
				148441851AD0663C00057577 /* AlecrimCoreData.framework in Embed Frameworks */,
			);
			name = "Embed Frameworks";
			runOnlyForDeploymentPostprocessing = 0;
		};
/* End PBXCopyFilesBuildPhase section */

/* Begin PBXFileReference section */
		144826FA1A2BE7B000DA53F5 /* AlecrimCoreDataExample.app */ = {isa = PBXFileReference; explicitFileType = wrapper.application; includeInIndex = 0; path = AlecrimCoreDataExample.app; sourceTree = BUILT_PRODUCTS_DIR; };
		144826FE1A2BE7B000DA53F5 /* Info.plist */ = {isa = PBXFileReference; lastKnownFileType = text.plist.xml; path = Info.plist; sourceTree = "<group>"; };
		144826FF1A2BE7B000DA53F5 /* AppDelegate.swift */ = {isa = PBXFileReference; lastKnownFileType = sourcecode.swift; path = AppDelegate.swift; sourceTree = "<group>"; };
		144827021A2BE7B000DA53F5 /* AlecrimCoreDataExample.xcdatamodel */ = {isa = PBXFileReference; lastKnownFileType = wrapper.xcdatamodel; path = AlecrimCoreDataExample.xcdatamodel; sourceTree = "<group>"; };
		144827041A2BE7B000DA53F5 /* MasterViewController.swift */ = {isa = PBXFileReference; lastKnownFileType = sourcecode.swift; path = MasterViewController.swift; sourceTree = "<group>"; };
		144827061A2BE7B000DA53F5 /* DetailViewController.swift */ = {isa = PBXFileReference; lastKnownFileType = sourcecode.swift; path = DetailViewController.swift; sourceTree = "<group>"; };
		144827091A2BE7B000DA53F5 /* Base */ = {isa = PBXFileReference; lastKnownFileType = file.storyboard; name = Base; path = Base.lproj/Main.storyboard; sourceTree = "<group>"; };
		1448270B1A2BE7B000DA53F5 /* Images.xcassets */ = {isa = PBXFileReference; lastKnownFileType = folder.assetcatalog; path = Images.xcassets; sourceTree = "<group>"; };
		1448270E1A2BE7B000DA53F5 /* Base */ = {isa = PBXFileReference; lastKnownFileType = file.xib; name = Base; path = Base.lproj/LaunchScreen.xib; sourceTree = "<group>"; };
		1448272E1A2BE98A00DA53F5 /* EventEntity.swift */ = {isa = PBXFileReference; fileEncoding = 4; lastKnownFileType = sourcecode.swift; path = EventEntity.swift; sourceTree = "<group>"; };
		144827301A2BE9A400DA53F5 /* DataContext.swift */ = {isa = PBXFileReference; fileEncoding = 4; lastKnownFileType = sourcecode.swift; path = DataContext.swift; sourceTree = "<group>"; };
		148441791AD0659700057577 /* AlecrimCoreData.xcodeproj */ = {isa = PBXFileReference; lastKnownFileType = "wrapper.pb-project"; name = AlecrimCoreData.xcodeproj; path = ../../Source/AlecrimCoreData.xcodeproj; sourceTree = "<group>"; };
/* End PBXFileReference section */

/* Begin PBXFrameworksBuildPhase section */
		144826F71A2BE7B000DA53F5 /* Frameworks */ = {
			isa = PBXFrameworksBuildPhase;
			buildActionMask = 2147483647;
			files = (
				148441831AD0661900057577 /* AlecrimCoreData.framework in Frameworks */,
			);
			runOnlyForDeploymentPostprocessing = 0;
		};
/* End PBXFrameworksBuildPhase section */

/* Begin PBXGroup section */
		144826F11A2BE7B000DA53F5 = {
			isa = PBXGroup;
			children = (
				144826FC1A2BE7B000DA53F5 /* AlecrimCoreDataExample */,
				1448272D1A2BE93700DA53F5 /* Dependencies */,
				144826FB1A2BE7B000DA53F5 /* Products */,
			);
			sourceTree = "<group>";
		};
		144826FB1A2BE7B000DA53F5 /* Products */ = {
			isa = PBXGroup;
			children = (
				144826FA1A2BE7B000DA53F5 /* AlecrimCoreDataExample.app */,
			);
			name = Products;
			sourceTree = "<group>";
		};
		144826FC1A2BE7B000DA53F5 /* AlecrimCoreDataExample */ = {
			isa = PBXGroup;
			children = (
				144826FF1A2BE7B000DA53F5 /* AppDelegate.swift */,
				144827041A2BE7B000DA53F5 /* MasterViewController.swift */,
				144827061A2BE7B000DA53F5 /* DetailViewController.swift */,
				144827081A2BE7B000DA53F5 /* Main.storyboard */,
				1448270B1A2BE7B000DA53F5 /* Images.xcassets */,
				1448270D1A2BE7B000DA53F5 /* LaunchScreen.xib */,
				144827011A2BE7B000DA53F5 /* AlecrimCoreDataExample.xcdatamodeld */,
				144827301A2BE9A400DA53F5 /* DataContext.swift */,
				1448272E1A2BE98A00DA53F5 /* EventEntity.swift */,
				144826FD1A2BE7B000DA53F5 /* Supporting Files */,
			);
			path = AlecrimCoreDataExample;
			sourceTree = "<group>";
		};
		144826FD1A2BE7B000DA53F5 /* Supporting Files */ = {
			isa = PBXGroup;
			children = (
				144826FE1A2BE7B000DA53F5 /* Info.plist */,
			);
			name = "Supporting Files";
			sourceTree = "<group>";
		};
		1448272D1A2BE93700DA53F5 /* Dependencies */ = {
			isa = PBXGroup;
			children = (
				148441791AD0659700057577 /* AlecrimCoreData.xcodeproj */,
			);
			name = Dependencies;
			sourceTree = "<group>";
		};
		1484417A1AD0659700057577 /* Products */ = {
			isa = PBXGroup;
			children = (
				1484417F1AD0659800057577 /* AlecrimCoreData.framework */,
				148441811AD0659800057577 /* AlecrimCoreData.framework */,
			);
			name = Products;
			sourceTree = "<group>";
		};
/* End PBXGroup section */

/* Begin PBXNativeTarget section */
		144826F91A2BE7B000DA53F5 /* AlecrimCoreDataExample */ = {
			isa = PBXNativeTarget;
			buildConfigurationList = 1448271E1A2BE7B000DA53F5 /* Build configuration list for PBXNativeTarget "AlecrimCoreDataExample" */;
			buildPhases = (
				144826F61A2BE7B000DA53F5 /* Sources */,
				144826F71A2BE7B000DA53F5 /* Frameworks */,
				144826F81A2BE7B000DA53F5 /* Resources */,
				148441881AD0663C00057577 /* Embed Frameworks */,
			);
			buildRules = (
			);
			dependencies = (
				148441871AD0663C00057577 /* PBXTargetDependency */,
			);
			name = AlecrimCoreDataExample;
			productName = AlecrimCoreDataExample;
			productReference = 144826FA1A2BE7B000DA53F5 /* AlecrimCoreDataExample.app */;
			productType = "com.apple.product-type.application";
		};
/* End PBXNativeTarget section */

/* Begin PBXProject section */
		144826F21A2BE7B000DA53F5 /* Project object */ = {
			isa = PBXProject;
			attributes = {
				LastUpgradeCheck = 0610;
				ORGANIZATIONNAME = Alecrim;
				TargetAttributes = {
					144826F91A2BE7B000DA53F5 = {
						CreatedOnToolsVersion = 6.1;
					};
				};
			};
			buildConfigurationList = 144826F51A2BE7B000DA53F5 /* Build configuration list for PBXProject "AlecrimCoreDataExample" */;
			compatibilityVersion = "Xcode 3.2";
			developmentRegion = English;
			hasScannedForEncodings = 0;
			knownRegions = (
				en,
				Base,
			);
			mainGroup = 144826F11A2BE7B000DA53F5;
			productRefGroup = 144826FB1A2BE7B000DA53F5 /* Products */;
			projectDirPath = "";
			projectReferences = (
				{
					ProductGroup = 1484417A1AD0659700057577 /* Products */;
					ProjectRef = 148441791AD0659700057577 /* AlecrimCoreData.xcodeproj */;
				},
			);
			projectRoot = "";
			targets = (
				144826F91A2BE7B000DA53F5 /* AlecrimCoreDataExample */,
			);
		};
/* End PBXProject section */

/* Begin PBXReferenceProxy section */
		1484417F1AD0659800057577 /* AlecrimCoreData.framework */ = {
			isa = PBXReferenceProxy;
			fileType = wrapper.framework;
			path = AlecrimCoreData.framework;
			remoteRef = 1484417E1AD0659800057577 /* PBXContainerItemProxy */;
			sourceTree = BUILT_PRODUCTS_DIR;
		};
		148441811AD0659800057577 /* AlecrimCoreData.framework */ = {
			isa = PBXReferenceProxy;
			fileType = wrapper.framework;
			path = AlecrimCoreData.framework;
			remoteRef = 148441801AD0659800057577 /* PBXContainerItemProxy */;
			sourceTree = BUILT_PRODUCTS_DIR;
		};
/* End PBXReferenceProxy section */

/* Begin PBXResourcesBuildPhase section */
		144826F81A2BE7B000DA53F5 /* Resources */ = {
			isa = PBXResourcesBuildPhase;
			buildActionMask = 2147483647;
			files = (
				1448270A1A2BE7B000DA53F5 /* Main.storyboard in Resources */,
				1448270F1A2BE7B000DA53F5 /* LaunchScreen.xib in Resources */,
				1448270C1A2BE7B000DA53F5 /* Images.xcassets in Resources */,
			);
			runOnlyForDeploymentPostprocessing = 0;
		};
/* End PBXResourcesBuildPhase section */

/* Begin PBXSourcesBuildPhase section */
		144826F61A2BE7B000DA53F5 /* Sources */ = {
			isa = PBXSourcesBuildPhase;
			buildActionMask = 2147483647;
			files = (
				144827001A2BE7B000DA53F5 /* AppDelegate.swift in Sources */,
				144827311A2BE9A400DA53F5 /* DataContext.swift in Sources */,
				1448272F1A2BE98A00DA53F5 /* EventEntity.swift in Sources */,
				144827031A2BE7B000DA53F5 /* AlecrimCoreDataExample.xcdatamodeld in Sources */,
				144827051A2BE7B000DA53F5 /* MasterViewController.swift in Sources */,
				144827071A2BE7B000DA53F5 /* DetailViewController.swift in Sources */,
			);
			runOnlyForDeploymentPostprocessing = 0;
		};
/* End PBXSourcesBuildPhase section */

/* Begin PBXTargetDependency section */
		148441871AD0663C00057577 /* PBXTargetDependency */ = {
			isa = PBXTargetDependency;
			name = "AlecrimCoreData iOS";
			targetProxy = 148441861AD0663C00057577 /* PBXContainerItemProxy */;
		};
/* End PBXTargetDependency section */

/* Begin PBXVariantGroup section */
		144827081A2BE7B000DA53F5 /* Main.storyboard */ = {
			isa = PBXVariantGroup;
			children = (
				144827091A2BE7B000DA53F5 /* Base */,
			);
			name = Main.storyboard;
			sourceTree = "<group>";
		};
		1448270D1A2BE7B000DA53F5 /* LaunchScreen.xib */ = {
			isa = PBXVariantGroup;
			children = (
				1448270E1A2BE7B000DA53F5 /* Base */,
			);
			name = LaunchScreen.xib;
			sourceTree = "<group>";
		};
/* End PBXVariantGroup section */

/* Begin XCBuildConfiguration section */
		1448271C1A2BE7B000DA53F5 /* Debug */ = {
			isa = XCBuildConfiguration;
			buildSettings = {
				ALWAYS_SEARCH_USER_PATHS = NO;
				CLANG_CXX_LANGUAGE_STANDARD = "gnu++0x";
				CLANG_CXX_LIBRARY = "libc++";
				CLANG_ENABLE_MODULES = YES;
				CLANG_ENABLE_OBJC_ARC = YES;
				CLANG_WARN_BOOL_CONVERSION = YES;
				CLANG_WARN_CONSTANT_CONVERSION = YES;
				CLANG_WARN_DIRECT_OBJC_ISA_USAGE = YES_ERROR;
				CLANG_WARN_EMPTY_BODY = YES;
				CLANG_WARN_ENUM_CONVERSION = YES;
				CLANG_WARN_INT_CONVERSION = YES;
				CLANG_WARN_OBJC_ROOT_CLASS = YES_ERROR;
				CLANG_WARN_UNREACHABLE_CODE = YES;
				CLANG_WARN__DUPLICATE_METHOD_MATCH = YES;
				"CODE_SIGN_IDENTITY[sdk=iphoneos*]" = "iPhone Developer";
				COPY_PHASE_STRIP = NO;
				ENABLE_STRICT_OBJC_MSGSEND = YES;
				GCC_C_LANGUAGE_STANDARD = gnu99;
				GCC_DYNAMIC_NO_PIC = NO;
				GCC_OPTIMIZATION_LEVEL = 0;
				GCC_PREPROCESSOR_DEFINITIONS = (
					"DEBUG=1",
					"$(inherited)",
				);
				GCC_SYMBOLS_PRIVATE_EXTERN = NO;
				GCC_WARN_64_TO_32_BIT_CONVERSION = YES;
				GCC_WARN_ABOUT_RETURN_TYPE = YES_ERROR;
				GCC_WARN_UNDECLARED_SELECTOR = YES;
				GCC_WARN_UNINITIALIZED_AUTOS = YES_AGGRESSIVE;
				GCC_WARN_UNUSED_FUNCTION = YES;
				GCC_WARN_UNUSED_VARIABLE = YES;
				IPHONEOS_DEPLOYMENT_TARGET = 8.1;
				MTL_ENABLE_DEBUG_INFO = YES;
				ONLY_ACTIVE_ARCH = YES;
				SDKROOT = iphoneos;
				SWIFT_OPTIMIZATION_LEVEL = "-Onone";
				TARGETED_DEVICE_FAMILY = "1,2";
			};
			name = Debug;
		};
		1448271D1A2BE7B000DA53F5 /* Release */ = {
			isa = XCBuildConfiguration;
			buildSettings = {
				ALWAYS_SEARCH_USER_PATHS = NO;
				CLANG_CXX_LANGUAGE_STANDARD = "gnu++0x";
				CLANG_CXX_LIBRARY = "libc++";
				CLANG_ENABLE_MODULES = YES;
				CLANG_ENABLE_OBJC_ARC = YES;
				CLANG_WARN_BOOL_CONVERSION = YES;
				CLANG_WARN_CONSTANT_CONVERSION = YES;
				CLANG_WARN_DIRECT_OBJC_ISA_USAGE = YES_ERROR;
				CLANG_WARN_EMPTY_BODY = YES;
				CLANG_WARN_ENUM_CONVERSION = YES;
				CLANG_WARN_INT_CONVERSION = YES;
				CLANG_WARN_OBJC_ROOT_CLASS = YES_ERROR;
				CLANG_WARN_UNREACHABLE_CODE = YES;
				CLANG_WARN__DUPLICATE_METHOD_MATCH = YES;
				"CODE_SIGN_IDENTITY[sdk=iphoneos*]" = "iPhone Developer";
				COPY_PHASE_STRIP = YES;
				ENABLE_NS_ASSERTIONS = NO;
				ENABLE_STRICT_OBJC_MSGSEND = YES;
				GCC_C_LANGUAGE_STANDARD = gnu99;
				GCC_WARN_64_TO_32_BIT_CONVERSION = YES;
				GCC_WARN_ABOUT_RETURN_TYPE = YES_ERROR;
				GCC_WARN_UNDECLARED_SELECTOR = YES;
				GCC_WARN_UNINITIALIZED_AUTOS = YES_AGGRESSIVE;
				GCC_WARN_UNUSED_FUNCTION = YES;
				GCC_WARN_UNUSED_VARIABLE = YES;
				IPHONEOS_DEPLOYMENT_TARGET = 8.1;
				MTL_ENABLE_DEBUG_INFO = NO;
				SDKROOT = iphoneos;
				TARGETED_DEVICE_FAMILY = "1,2";
				VALIDATE_PRODUCT = YES;
			};
			name = Release;
		};
		1448271F1A2BE7B000DA53F5 /* Debug */ = {
			isa = XCBuildConfiguration;
			buildSettings = {
				ASSETCATALOG_COMPILER_APPICON_NAME = AppIcon;
				EMBEDDED_CONTENT_CONTAINS_SWIFT = YES;
				INFOPLIST_FILE = AlecrimCoreDataExample/Info.plist;
				LD_RUNPATH_SEARCH_PATHS = "$(inherited) @executable_path/Frameworks";
				PRODUCT_NAME = "$(TARGET_NAME)";
			};
			name = Debug;
		};
		144827201A2BE7B000DA53F5 /* Release */ = {
			isa = XCBuildConfiguration;
			buildSettings = {
				ASSETCATALOG_COMPILER_APPICON_NAME = AppIcon;
				EMBEDDED_CONTENT_CONTAINS_SWIFT = YES;
				INFOPLIST_FILE = AlecrimCoreDataExample/Info.plist;
				LD_RUNPATH_SEARCH_PATHS = "$(inherited) @executable_path/Frameworks";
				PRODUCT_NAME = "$(TARGET_NAME)";
			};
			name = Release;
		};
/* End XCBuildConfiguration section */

/* Begin XCConfigurationList section */
		144826F51A2BE7B000DA53F5 /* Build configuration list for PBXProject "AlecrimCoreDataExample" */ = {
			isa = XCConfigurationList;
			buildConfigurations = (
				1448271C1A2BE7B000DA53F5 /* Debug */,
				1448271D1A2BE7B000DA53F5 /* Release */,
			);
			defaultConfigurationIsVisible = 0;
			defaultConfigurationName = Release;
		};
		1448271E1A2BE7B000DA53F5 /* Build configuration list for PBXNativeTarget "AlecrimCoreDataExample" */ = {
			isa = XCConfigurationList;
			buildConfigurations = (
				1448271F1A2BE7B000DA53F5 /* Debug */,
				144827201A2BE7B000DA53F5 /* Release */,
			);
			defaultConfigurationIsVisible = 0;
			defaultConfigurationName = Release;
		};
/* End XCConfigurationList section */

/* Begin XCVersionGroup section */
		144827011A2BE7B000DA53F5 /* AlecrimCoreDataExample.xcdatamodeld */ = {
			isa = XCVersionGroup;
			children = (
				144827021A2BE7B000DA53F5 /* AlecrimCoreDataExample.xcdatamodel */,
			);
			currentVersion = 144827021A2BE7B000DA53F5 /* AlecrimCoreDataExample.xcdatamodel */;
			path = AlecrimCoreDataExample.xcdatamodeld;
			sourceTree = "<group>";
			versionGroupType = wrapper.xcdatamodel;
		};
/* End XCVersionGroup section */
	};
	rootObject = 144826F21A2BE7B000DA53F5 /* Project object */;
}
